github.com/Elegant996/scgi v1.3.4 h1:Vf9JYQOayvLRqMa7A5N0tlrp1lBVSP202qpg8+/2LsY=
github.com/Elegant996/scgi v1.3.4/go.mod h1:453XoflhDecL+RA3VPYp1SWHXQBauDvNklP/tQf3T+0=
github.com/Elegant996/xmlrpc v0.0.0-20250507185234-9c3a24fe374b h1:4cM6dwKlqufo11PAyLFRDdYMlBpEjk3qOksmZeDKwxc=
github.com/Elegant996/xmlrpc v0.0.0-20250507185234-9c3a24fe374b/go.mod h1:oiMRO9n6VMZgs55UHBN0lYorSNlcgvJ/Ro0XffZIuO4=
github.com/creachadair/jrpc2 v1.3.2 h1:27pDXBLe19ck2WQvW+ywnFdzZwZzdTbcQ8Yct1LYiRc=
github.com/creachadair/jrpc2 v1.3.2/go.mod h1:npYsgDnV5iDpSCVcD3iUGig5WVYY3vn0bZNYWGbgFWw=
github.com/creachadair/mds v0.25.3 h1:eE9+aMAV+CooBl5XZKcUuDgQxm7+/f2Of+JT1cX6plM=
github.com/creachadair/mds v0.25.3/go.mod h1:4hatI3hRM+qhzuAmqPRFvaBM8mONkS7nsLxkcuTYUIs=
github.com/davecgh/go-spew v1.1.1 h1:vj9j/u1bqnvCEfJOwUhtlOARqs3+rkHYY13jYWTU97c=
github.com/davecgh/go-spew v1.1.1/go.mod h1:J7Y8YcW2NihsgmVo/mv3lAwl/skON4iLHjSsI+c5H38=
github.com/fortytw2/leaktest v1.3.0 h1:u8491cBMTQ8ft8aeV+adlcytMZylmA5nnwwkRZjI8vw=
github.com/fortytw2/leaktest v1.3.0/go.mod h1:jDsjWgpAGjm2CA7WthBh/CdZYEPF31XHquHwclZch5g=
github.com/google/go-cmp v0.7.0 h1:wk8382ETsv4JYUZwIsn6YpYiWiBsYLSJiTsyBybVuN8=
github.com/google/go-cmp v0.7.0/go.mod h1:pXiqmnSA92OHEEa9HXL2W4E7lf9JzCmGVUdgjX3N/iU=
github.com/keegancsmith/rpc v1.3.0 h1:wGWOpjcNrZaY8GDYZJfvyxmlLljm3YQWF+p918DXtDk=
github.com/keegancsmith/rpc v1.3.0/go.mod h1:6O2xnOGjPyvIPbvp0MdrOe5r6cu1GZ4JoTzpzDhWeo0=
github.com/pmezard/go-difflib v1.0.0 h1:4DBwDE0NGyQoBHbLQYPwSUPoCMWR5BEzIk/f1lZbAQM=
github.com/pmezard/go-difflib v1.0.0/go.mod h1:iKH77koFhYxTK1pcRnkKkqfTogsbg7gZNVY4sRDYZ/4=
github.com/stretchr/testify v1.8.1 h1:w7B6lhMri9wdJUVmEZPGGhZzrYTPvgJArz7wNPgYKsk=
github.com/stretchr/testify v1.8.1/go.mod h1:w2LPCIKwWwSfY2zedu0+kehJoqGctiVI29o6fzry7u4=
go.uber.org/goleak v1.3.0 h1:2K3zAYmnTNqV73imy9J1T3WC+gmCePx2hEGkimedGto=
go.uber.org/goleak v1.3.0/go.mod h1:CoHD4mav9JJNrW/WLlf7HGZPjdw8EucARQHekz1X6bE=
go.uber.org/multierr v1.11.0 h1:blXXJkSxSSfBVBlC76pxqeO+LN3aDfLQo+309xJstO0=
go.uber.org/multierr v1.11.0/go.mod h1:20+QtiLqy0Nd6FdQB9TLXag12DsQkrbs3htMFfDN80Y=
go.uber.org/zap v1.27.0 h1:aJMhYGrd5QSmlpLMr2MftRKl7t8J8PTZPA732ud/XR8=
go.uber.org/zap v1.27.0/go.mod h1:GB2qFLM7cTU87MWRP2mPIjqfIDnGu+VIO4V/SdhGo2E=
golang.org/x/sync v0.17.0 h1:l60nONMj9l5drqw6jlhIELNv9I0A4OFgRsG9k2oT9Ug=
golang.org/x/sync v0.17.0/go.mod h1:9KTHXmSnoGruLpwFjVSX0lNNA75CykiMECbovNTZqGI=
golang.org/x/text v0.29.0 h1:1neNs90w9YzJ9BocxfsQNHKuAT4pkghyXc4nhZ6sJvk=
golang.org/x/text v0.29.0/go.mod h1:7MhJOA9CD2qZyOKYazxdYMF85OwPdEr9jTtBpO7ydH4=
gopkg.in/yaml.v3 v3.0.1 h1:fxVm/GzAzEWqLHuvctI91KS9hhNmmWOoWu0XTYJS7CA=
gopkg.in/yaml.v3 v3.0.1/go.mod h1:K4uyk7z7BCEPqu6E+C64Yfv1cQ7kz7rIZviUmN+EgEM=
