github.com/Elegant996/scgi v1.0.0 h1:REStKZ2zv//1a9pIbykDM/Txm12kOLI7BqvI99zbjDs=
github.com/Elegant996/scgi v1.0.0/go.mod h1:u+SMtnBMheSQkmRk9SBGJDUnEOcMWT9YPIsCxHnUHJQ=
github.com/Elegant996/xmlrpc v0.0.0-20200426092339-6d7edd4ac412 h1:KH4fiMxWbUjnUQcrXllraAGyFcg0+qVmefHiMiDQUQM=
github.com/Elegant996/xmlrpc v0.0.0-20200426092339-6d7edd4ac412/go.mod h1:SU61e8UkMJD44Mh+YsNIwgzfU7fHn01hLosqSmteKVs=
github.com/creachadair/jrpc2 v1.0.0 h1:MJecUFNbda24o0Qa4CYru5NJvs6BEnmzupdAx3f7+98=
github.com/creachadair/jrpc2 v1.0.0/go.mod h1:VNiDz7Qbua37RrefUJdMki9dVmsbrQPIQOPy907UvtE=
github.com/creachadair/mds v0.0.1 h1:2nX6Sww4dXpScx3b6aYjH1n7iuEH715+jj+cKkKw9BY=
github.com/creachadair/mds v0.0.1/go.mod h1:caBACU+n1Q/rZ252FTzfnG0/H+ZUi+UnIQtEOraMv/g=
github.com/fortytw2/leaktest v1.3.0 h1:u8491cBMTQ8ft8aeV+adlcytMZylmA5nnwwkRZjI8vw=
github.com/go-logr/logr v1.2.0/go.mod h1:jdQByPbusPIv2/zmleS9BjJVeZ6kBagPoEUsqbVz/1A=
github.com/go-logr/logr v1.2.4 h1:g01GSCwiDw2xSZfjJ2/T9M+S6pFdcNtFYsp+Y43HYDQ=
github.com/go-logr/logr v1.2.4/go.mod h1:jdQByPbusPIv2/zmleS9BjJVeZ6kBagPoEUsqbVz/1A=
github.com/google/go-cmp v0.5.9 h1:O2Tfq5qg4qc4AmwVlvv0oLiVAGB7enBSJ2x2DqQFi38=
github.com/keegancsmith/rpc v1.3.0 h1:wGWOpjcNrZaY8GDYZJfvyxmlLljm3YQWF+p918DXtDk=
github.com/keegancsmith/rpc v1.3.0/go.mod h1:6O2xnOGjPyvIPbvp0MdrOe5r6cu1GZ4JoTzpzDhWeo0=
golang.org/x/sync v0.2.0 h1:PUR+T4wwASmuSTYdKjYHI5TD22Wy5ogLU5qZCOLxBrI=
golang.org/x/sync v0.2.0/go.mod h1:RxMgew5VJxzue5/jJTE5uejpjVlOe/izrB70Jof72aM=
golang.org/x/text v0.9.0 h1:2sjJmO8cDvYveuX97RDLsxlyUxLl+GHoLxBiRdHllBE=
golang.org/x/text v0.9.0/go.mod h1:e1OnstbJyHTd6l/uOt8jFFHp6TRDWZR/bV3emEE/zU8=
k8s.io/klog/v2 v2.100.1 h1:7WCHKK6K8fNhTqfBhISHQ97KrnJNFZMcQvKp7gP/tmg=
k8s.io/klog/v2 v2.100.1/go.mod h1:y1WjHnz7Dj687irZUWR/WLkLc5N1YHtjLdmgWjndZn0=
