github.com/Elegant996/scgi v1.0.0 h1:REStKZ2zv//1a9pIbykDM/Txm12kOLI7BqvI99zbjDs=
github.com/Elegant996/scgi v1.0.0/go.mod h1:u+SMtnBMheSQkmRk9SBGJDUnEOcMWT9YPIsCxHnUHJQ=
github.com/Elegant996/xmlrpc v0.0.0-20200426092339-6d7edd4ac412 h1:KH4fiMxWbUjnUQcrXllraAGyFcg0+qVmefHiMiDQUQM=
github.com/Elegant996/xmlrpc v0.0.0-20200426092339-6d7edd4ac412/go.mod h1:SU61e8UkMJD44Mh+YsNIwgzfU7fHn01hLosqSmteKVs=
github.com/creachadair/jrpc2 v0.42.0 h1:nm02PNw7cWV+JhKrJyDKg7/M7nrE0DJK0TiMmEL+iv8=
github.com/creachadair/jrpc2 v0.42.0/go.mod h1:oOdNFoMQQpSirGcSujG10NYl05K/IYrIUUNbh+/Xcd8=
github.com/fortytw2/leaktest v1.3.0 h1:u8491cBMTQ8ft8aeV+adlcytMZylmA5nnwwkRZjI8vw=
github.com/go-logr/logr v1.2.0 h1:QK40JKJyMdUDz+h+xvCsru/bJhvG0UxvePV0ufL/AcE=
github.com/go-logr/logr v1.2.0/go.mod h1:jdQByPbusPIv2/zmleS9BjJVeZ6kBagPoEUsqbVz/1A=
github.com/google/go-cmp v0.5.9 h1:O2Tfq5qg4qc4AmwVlvv0oLiVAGB7enBSJ2x2DqQFi38=
github.com/keegancsmith/rpc v1.3.0 h1:wGWOpjcNrZaY8GDYZJfvyxmlLljm3YQWF+p918DXtDk=
github.com/keegancsmith/rpc v1.3.0/go.mod h1:6O2xnOGjPyvIPbvp0MdrOe5r6cu1GZ4JoTzpzDhWeo0=
golang.org/x/sync v0.1.0 h1:wsuoTGHzEhffawBOhz5CYhcrV4IdKZbEyZjBMuTp12o=
golang.org/x/sync v0.1.0/go.mod h1:RxMgew5VJxzue5/jJTE5uejpjVlOe/izrB70Jof72aM=
k8s.io/klog/v2 v2.80.1 h1:atnLQ121W371wYYFawwYx1aEY2eUfs4l3J72wtgAwV4=
k8s.io/klog/v2 v2.80.1/go.mod h1:y1WjHnz7Dj687irZUWR/WLkLc5N1YHtjLdmgWjndZn0=
