github.com/Elegant996/scgi v0.3.2-0.20221106183020-017d2a3df460 h1:vcO/aWL93rm2OvpHr+A/WFea+pSAPrOLY8dnd5FH7ro=
github.com/Elegant996/scgi v0.3.2-0.20221106183020-017d2a3df460/go.mod h1:7SagloVfMCXWai0IQm5mX+zFlAATPg0FyPxlESDJTm8=
github.com/Elegant996/scgi v0.3.2-0.20221106184750-399c21cd6f25 h1:de5RmM3JuGt2yrIZ7HB9NXBDxWgn7U0Q93DBtwE5oTY=
github.com/Elegant996/scgi v0.3.2-0.20221106184750-399c21cd6f25/go.mod h1:7SagloVfMCXWai0IQm5mX+zFlAATPg0FyPxlESDJTm8=
github.com/Elegant996/scgi v0.3.2-0.20221107001712-6daee13fcc54 h1:py1hPUuMKxqotK6NOQsVAFktuMvLc8THYbmQVzldOho=
github.com/Elegant996/scgi v0.3.2-0.20221107001712-6daee13fcc54/go.mod h1:u+SMtnBMheSQkmRk9SBGJDUnEOcMWT9YPIsCxHnUHJQ=
github.com/Elegant996/scgi v1.0.0 h1:REStKZ2zv//1a9pIbykDM/Txm12kOLI7BqvI99zbjDs=
github.com/Elegant996/scgi v1.0.0/go.mod h1:u+SMtnBMheSQkmRk9SBGJDUnEOcMWT9YPIsCxHnUHJQ=
github.com/Elegant996/xmlrpc v0.0.0-20200426092339-6d7edd4ac412 h1:KH4fiMxWbUjnUQcrXllraAGyFcg0+qVmefHiMiDQUQM=
github.com/Elegant996/xmlrpc v0.0.0-20200426092339-6d7edd4ac412/go.mod h1:SU61e8UkMJD44Mh+YsNIwgzfU7fHn01hLosqSmteKVs=
github.com/creachadair/jrpc2 v0.42.0 h1:nm02PNw7cWV+JhKrJyDKg7/M7nrE0DJK0TiMmEL+iv8=
github.com/creachadair/jrpc2 v0.42.0/go.mod h1:oOdNFoMQQpSirGcSujG10NYl05K/IYrIUUNbh+/Xcd8=
github.com/fortytw2/leaktest v1.3.0 h1:u8491cBMTQ8ft8aeV+adlcytMZylmA5nnwwkRZjI8vw=
github.com/go-logr/logr v0.1.0/go.mod h1:ixOQHD9gLJUVQQ2ZOR7zLEifBX6tGkNJF4QyIY7sIas=
github.com/google/go-cmp v0.5.9 h1:O2Tfq5qg4qc4AmwVlvv0oLiVAGB7enBSJ2x2DqQFi38=
github.com/keegancsmith/rpc v1.3.0 h1:wGWOpjcNrZaY8GDYZJfvyxmlLljm3YQWF+p918DXtDk=
github.com/keegancsmith/rpc v1.3.0/go.mod h1:6O2xnOGjPyvIPbvp0MdrOe5r6cu1GZ4JoTzpzDhWeo0=
golang.org/x/sync v0.1.0 h1:wsuoTGHzEhffawBOhz5CYhcrV4IdKZbEyZjBMuTp12o=
golang.org/x/sync v0.1.0/go.mod h1:RxMgew5VJxzue5/jJTE5uejpjVlOe/izrB70Jof72aM=
golang.org/x/text v0.3.6 h1:aRYxNxv6iGQlyVaZmk6ZgYEDa+Jg18DxebPSrd6bg1M=
golang.org/x/text v0.3.6/go.mod h1:5Zoc/QRtKVWzQhOtBMvqHzDpF6irO9z98xDceosuGiQ=
golang.org/x/tools v0.0.0-20180917221912-90fa682c2a6e/go.mod h1:n7NCudcB/nEzxVGmLbDWY5pfWTLqBcC2KZ6jyYvM4mQ=
k8s.io/klog v1.0.0 h1:Pt+yjF5aB1xDSVbau4VsWe+dQNzA0qv1LlXdC2dF6Q8=
k8s.io/klog v1.0.0/go.mod h1:4Bi6QPql/J/LkTDqv7R/cd3hPo4k2DG6Ptcz060Ez5I=
