github.com/Elegant996/scgi v0.0.0-20200425214914-f38c9b697bd0 h1:4dZnMW3z+o01Jg7KVwoDVAs9vZIvzkk8V6SxT2V6qYM=
github.com/Elegant996/scgi v0.0.0-20200425214914-f38c9b697bd0/go.mod h1:7SagloVfMCXWai0IQm5mX+zFlAATPg0FyPxlESDJTm8=
github.com/Elegant996/scgi v0.0.0-20200425215718-0f49af4f1ed4 h1:ff94x8tvYyoMI3ZQ6lwOaelWuGtePjv6hHvyqpBtr88=
github.com/Elegant996/scgi v0.0.0-20200425215718-0f49af4f1ed4/go.mod h1:7SagloVfMCXWai0IQm5mX+zFlAATPg0FyPxlESDJTm8=
github.com/Elegant996/scgi v0.0.0-20200425220004-63ec85921088 h1:s236VRiEDOgoBZdeEkjaDeWWIrkMyWen+oUmaJcM8WI=
github.com/Elegant996/scgi v0.0.0-20200425220004-63ec85921088/go.mod h1:7SagloVfMCXWai0IQm5mX+zFlAATPg0FyPxlESDJTm8=
github.com/Elegant996/scgi v0.0.0-20200425221751-b1a6caf2d6bc h1:wIKe6sbyd1WQg+J/JWoNN8ZyAF+B9MDM/scH232NS04=
github.com/Elegant996/scgi v0.0.0-20200425221751-b1a6caf2d6bc/go.mod h1:7SagloVfMCXWai0IQm5mX+zFlAATPg0FyPxlESDJTm8=
github.com/Elegant996/scgi v0.0.0-20200425223432-eacfb7fa05ae h1:RahPRO/+/XqFodob31QoQelMDH3AplxVMTesX13sseM=
github.com/Elegant996/scgi v0.0.0-20200425223432-eacfb7fa05ae/go.mod h1:7SagloVfMCXWai0IQm5mX+zFlAATPg0FyPxlESDJTm8=
github.com/Elegant996/scgi v0.0.0-20200425225257-0eb2a0cf8080 h1:3TodoEEg9huK3Vm4UKM3RGNKSkHJLZ+gR6O0nb9K/sA=
github.com/Elegant996/scgi v0.0.0-20200425225257-0eb2a0cf8080/go.mod h1:7SagloVfMCXWai0IQm5mX+zFlAATPg0FyPxlESDJTm8=
github.com/Elegant996/scgi v0.0.0-20200425230655-284d7b770178 h1:TCEDXStxbp843EB09NgLGDtKqZiC7pomr+JunoLqj84=
github.com/Elegant996/scgi v0.0.0-20200425230655-284d7b770178/go.mod h1:7SagloVfMCXWai0IQm5mX+zFlAATPg0FyPxlESDJTm8=
github.com/Elegant996/scgi v0.0.0-20200425232424-e2b773835ac0 h1:Oy9oZJZ24z5MvTUypJEsu10MFOp2gfxei7KE07jikqc=
github.com/Elegant996/scgi v0.0.0-20200425232424-e2b773835ac0/go.mod h1:7SagloVfMCXWai0IQm5mX+zFlAATPg0FyPxlESDJTm8=
github.com/Elegant996/scgi v0.0.0-20200425232603-13de544885c4 h1:3j/BnoEpL21DF4WGc6KnCuZm1xUVPU0Q1G6gqsVyPZY=
github.com/Elegant996/scgi v0.0.0-20200425232603-13de544885c4/go.mod h1:7SagloVfMCXWai0IQm5mX+zFlAATPg0FyPxlESDJTm8=
github.com/Elegant996/scgi v0.0.0-20200425233218-3ea0c00d7db3 h1:wETVSNc73i4kkdVaTwI0f6DAqxSwt9DTesAL2DgMJzk=
github.com/Elegant996/scgi v0.0.0-20200425233218-3ea0c00d7db3/go.mod h1:7SagloVfMCXWai0IQm5mX+zFlAATPg0FyPxlESDJTm8=
github.com/Elegant996/scgi v0.0.0-20200425234123-b22e287c2947 h1:jH+SxkuivXHI3S3y63nujogwT5EVzznBxXEyYaDQ2Mo=
github.com/Elegant996/scgi v0.0.0-20200425234123-b22e287c2947/go.mod h1:7SagloVfMCXWai0IQm5mX+zFlAATPg0FyPxlESDJTm8=
github.com/Elegant996/scgi v0.0.0-20200425234156-90823f51326f h1:TTeEQ0EA3Na3NpJ41W6lM9XDv3zCzaCkSX5NMaa2QHk=
github.com/Elegant996/scgi v0.0.0-20200425234156-90823f51326f/go.mod h1:7SagloVfMCXWai0IQm5mX+zFlAATPg0FyPxlESDJTm8=
github.com/Elegant996/scgi v0.0.0-20200426000502-b30c0f8dc5f9 h1:BINzieclszd/dnQSW/xBL6bZKV4rxTgbvA+UtYxBs2k=
github.com/Elegant996/scgi v0.0.0-20200426000502-b30c0f8dc5f9/go.mod h1:7SagloVfMCXWai0IQm5mX+zFlAATPg0FyPxlESDJTm8=
github.com/Elegant996/scgi v0.0.0-20200426090340-974b4449a3f3 h1:S9zVvTkod5gZCFJgySRiKZcBRVNDhBdCJEIKNbten70=
github.com/Elegant996/scgi v0.0.0-20200426090340-974b4449a3f3/go.mod h1:7SagloVfMCXWai0IQm5mX+zFlAATPg0FyPxlESDJTm8=
github.com/Elegant996/scgi v0.0.0-20200426091046-e4a6355b0116 h1:s36n0oCJVsSh5LpAJugj+dyr/ralKzOJhbeOYoAx1C8=
github.com/Elegant996/scgi v0.0.0-20200426091046-e4a6355b0116/go.mod h1:7SagloVfMCXWai0IQm5mX+zFlAATPg0FyPxlESDJTm8=
github.com/Elegant996/scgi v0.0.0-20200426193155-de1235b9215f h1:h1oQNnCDKDV5WC1p49hWYd6GMyWFCcasICz06HprbNg=
github.com/Elegant996/scgi v0.0.0-20200426193155-de1235b9215f/go.mod h1:7SagloVfMCXWai0IQm5mX+zFlAATPg0FyPxlESDJTm8=
github.com/Elegant996/scgi v0.0.0-20200505141744-cecd3eb04c56 h1:NNk47+DWClhS4z3fAm4ZPQ2DY1onwgEaihmwWxBWCQU=
github.com/Elegant996/scgi v0.0.0-20200505141744-cecd3eb04c56/go.mod h1:7SagloVfMCXWai0IQm5mX+zFlAATPg0FyPxlESDJTm8=
github.com/Elegant996/scgi v0.0.0-20200505142613-8fe12bb53f6e h1:CumKug10bkW9B913ddYL8DumbM1lRZBa7eeOHORtR3U=
github.com/Elegant996/scgi v0.0.0-20200505142613-8fe12bb53f6e/go.mod h1:7SagloVfMCXWai0IQm5mX+zFlAATPg0FyPxlESDJTm8=
github.com/Elegant996/scgi v0.0.0-20200505144609-ca592f67c6f5 h1:QRFSxzgewXvUYhUIxV6Tt7AshH2khCKx+BtMDim1AzE=
github.com/Elegant996/scgi v0.0.0-20200505144609-ca592f67c6f5/go.mod h1:7SagloVfMCXWai0IQm5mX+zFlAATPg0FyPxlESDJTm8=
github.com/Elegant996/scgi v0.0.0-20200505144748-00a3c8fecb37 h1:QiKaU+SqMwENgELh4i1grS39tTiICE2/8aA7EqU5Lak=
github.com/Elegant996/scgi v0.0.0-20200505144748-00a3c8fecb37/go.mod h1:7SagloVfMCXWai0IQm5mX+zFlAATPg0FyPxlESDJTm8=
github.com/Elegant996/scgi v0.0.0-20200505144830-c55db66fdeb4 h1:U16S9xBZv11K+gHfOTdXyXWPHEss4FoOi8x3joDOgDw=
github.com/Elegant996/scgi v0.0.0-20200505144830-c55db66fdeb4/go.mod h1:7SagloVfMCXWai0IQm5mX+zFlAATPg0FyPxlESDJTm8=
github.com/Elegant996/scgi v0.0.0-20200505154818-ab04ea4078e4 h1:jCYRUuTTPNkKMURQ9mD5ZvteZvsFg9T7dwm7esTg0cM=
github.com/Elegant996/scgi v0.0.0-20200505154818-ab04ea4078e4/go.mod h1:7SagloVfMCXWai0IQm5mX+zFlAATPg0FyPxlESDJTm8=
github.com/Elegant996/scgi v0.0.0-20200505155110-73fe3b226c3f h1:hJAXLKUSZ0W4dTi44lPsoTN6cQ7Y6z0sqE1QHbe/3Q4=
github.com/Elegant996/scgi v0.0.0-20200505155110-73fe3b226c3f/go.mod h1:7SagloVfMCXWai0IQm5mX+zFlAATPg0FyPxlESDJTm8=
github.com/Elegant996/scgi v0.0.0-20200505160621-29886a170daa h1:uw0wK6idAFw0MOtPCjo9N61qAYrk5BQLdTcbcnZwYuc=
github.com/Elegant996/scgi v0.0.0-20200505160621-29886a170daa/go.mod h1:7SagloVfMCXWai0IQm5mX+zFlAATPg0FyPxlESDJTm8=
github.com/Elegant996/scgi v0.0.0-20200505161533-c5936a2f39de h1:TNrNIXDGPlsitXTiisS57yuNjsXz+tm+QkHLsS9gaVc=
github.com/Elegant996/scgi v0.0.0-20200505161533-c5936a2f39de/go.mod h1:7SagloVfMCXWai0IQm5mX+zFlAATPg0FyPxlESDJTm8=
github.com/Elegant996/scgi v0.0.0-20200505162244-2d161390d6de h1:nNJHg6YtqRHsPpYDFnB2sGzNRQjaW4+trxzSExcrO9U=
github.com/Elegant996/scgi v0.0.0-20200505162244-2d161390d6de/go.mod h1:7SagloVfMCXWai0IQm5mX+zFlAATPg0FyPxlESDJTm8=
github.com/Elegant996/scgi v0.0.0-20200505163913-605858dd904a h1:szsuFHZ1EUtsfaq1JxQRd81TgELLbgpA59GH/+n1iSo=
github.com/Elegant996/scgi v0.0.0-20200505163913-605858dd904a/go.mod h1:7SagloVfMCXWai0IQm5mX+zFlAATPg0FyPxlESDJTm8=
github.com/Elegant996/scgi v0.0.0-20200505164607-bcd7612a6877 h1:R1fBoSin+Tkx7mG4WNwPMDeBo0SPrRWo7QFxBQ2grCI=
github.com/Elegant996/scgi v0.0.0-20200505164607-bcd7612a6877/go.mod h1:7SagloVfMCXWai0IQm5mX+zFlAATPg0FyPxlESDJTm8=
github.com/Elegant996/scgi v0.0.0-20200505164905-d724aa4828a2 h1:vBRO6tY9xuezbSgyiq3cpTIKasSsP5eLWGBYlRw2QYY=
github.com/Elegant996/scgi v0.0.0-20200505164905-d724aa4828a2/go.mod h1:7SagloVfMCXWai0IQm5mX+zFlAATPg0FyPxlESDJTm8=
github.com/Elegant996/scgi v0.0.0-20200505182810-1c287f952d3d h1:y2ITXr9XGoYybC7SiR/UsY3fi12C07f/DGW9eLB92P4=
github.com/Elegant996/scgi v0.0.0-20200505182810-1c287f952d3d/go.mod h1:7SagloVfMCXWai0IQm5mX+zFlAATPg0FyPxlESDJTm8=
github.com/Elegant996/scgi v0.0.0-20200505183501-79df981078de h1:WS9hXV2ryrgz99u6cjxTfgekeccILSPDtBGNaAVHtP0=
github.com/Elegant996/scgi v0.0.0-20200505183501-79df981078de/go.mod h1:7SagloVfMCXWai0IQm5mX+zFlAATPg0FyPxlESDJTm8=
github.com/Elegant996/scgi v0.0.0-20200505183618-6064f68976e6 h1:hEo2KxAFCyR7+Q3A9wymA7yrFyOEyh4AkPt26fdmdBE=
github.com/Elegant996/scgi v0.0.0-20200505183618-6064f68976e6/go.mod h1:7SagloVfMCXWai0IQm5mX+zFlAATPg0FyPxlESDJTm8=
github.com/Elegant996/scgi v0.0.0-20200505183807-4c9865ff591f h1:RQAoz6EX10iCcOH1l/AmrLXAXBUVbNiFi2oF64QhalM=
github.com/Elegant996/scgi v0.0.0-20200505183807-4c9865ff591f/go.mod h1:7SagloVfMCXWai0IQm5mX+zFlAATPg0FyPxlESDJTm8=
github.com/Elegant996/scgi v0.0.0-20200505184128-94da53402fda h1:rFROpRxb86itT9W8Hv2eS2nkL7rbGtQtzOsuqf8fMh8=
github.com/Elegant996/scgi v0.0.0-20200505184128-94da53402fda/go.mod h1:7SagloVfMCXWai0IQm5mX+zFlAATPg0FyPxlESDJTm8=
github.com/Elegant996/scgi v0.0.0-20200505185208-b3fefb3125c9 h1:n3wdzRzwbaGuoXn0zBNYbQIIU5SanrA4D0tmzYL4C0A=
github.com/Elegant996/scgi v0.0.0-20200505185208-b3fefb3125c9/go.mod h1:7SagloVfMCXWai0IQm5mX+zFlAATPg0FyPxlESDJTm8=
github.com/Elegant996/scgi v0.0.0-20200505185417-404e947e7281 h1:5nUxZ2aTPiZeJuY3Xis+x8KPqDnXrWlvO8VBEFLVARI=
github.com/Elegant996/scgi v0.0.0-20200505185417-404e947e7281/go.mod h1:7SagloVfMCXWai0IQm5mX+zFlAATPg0FyPxlESDJTm8=
github.com/Elegant996/scgi v0.0.0-20200505190115-82891e34874e h1:37TRZ7GH0PQHCpRwg/C5lhQZOuS2pHpXydGePDBHVUA=
github.com/Elegant996/scgi v0.0.0-20200505190115-82891e34874e/go.mod h1:7SagloVfMCXWai0IQm5mX+zFlAATPg0FyPxlESDJTm8=
github.com/Elegant996/scgi v0.0.0-20200505191613-a5f5215d0c97 h1:HN2WgQf0D5GvZKUKdITgAMYVtrzPaqzvnS2X+YkpiJA=
github.com/Elegant996/scgi v0.0.0-20200505191613-a5f5215d0c97/go.mod h1:7SagloVfMCXWai0IQm5mX+zFlAATPg0FyPxlESDJTm8=
github.com/Elegant996/scgi v0.0.0-20200505191914-ffb3f334d114 h1:FIJfINsFPvfOLqKJvBPJ7rM7S79HIxE3lffb1cB4IGA=
github.com/Elegant996/scgi v0.0.0-20200505191914-ffb3f334d114/go.mod h1:7SagloVfMCXWai0IQm5mX+zFlAATPg0FyPxlESDJTm8=
github.com/Elegant996/scgi v0.0.0-20200505192205-907d7bfbb8ea h1:ovZgkfAgpv6WdxNZGBCZ/x6tQ9nT3tKDKQiH3dcgAM8=
github.com/Elegant996/scgi v0.0.0-20200505192205-907d7bfbb8ea/go.mod h1:7SagloVfMCXWai0IQm5mX+zFlAATPg0FyPxlESDJTm8=
github.com/Elegant996/scgi v0.0.0-20200505193131-321b880de082 h1:DAkmkwRF1bk99i76lQ63Ft1ralHnl7PtAWsj8YXe8W0=
github.com/Elegant996/scgi v0.0.0-20200505193131-321b880de082/go.mod h1:7SagloVfMCXWai0IQm5mX+zFlAATPg0FyPxlESDJTm8=
github.com/Elegant996/scgi v0.0.0-20200506152236-83ffa52aba90 h1:QXwhpvgppCMj6v3zegvG+et/Kb0LO34XlLkYs59grjE=
github.com/Elegant996/scgi v0.0.0-20200506152236-83ffa52aba90/go.mod h1:7SagloVfMCXWai0IQm5mX+zFlAATPg0FyPxlESDJTm8=
github.com/Elegant996/scgi v0.0.0-20200506152440-35c9985cac03 h1:rMbxu3lg14pBYLMHos/8cymTEkcXbUFYD6C/Hs4cS40=
github.com/Elegant996/scgi v0.0.0-20200506152440-35c9985cac03/go.mod h1:7SagloVfMCXWai0IQm5mX+zFlAATPg0FyPxlESDJTm8=
github.com/Elegant996/scgi v0.0.0-20200506152529-881f0b14806a h1:TJSDtmkGCjTS4qDRAchjzRut3SRW1HX+1w8btjlKSMM=
github.com/Elegant996/scgi v0.0.0-20200506152529-881f0b14806a/go.mod h1:7SagloVfMCXWai0IQm5mX+zFlAATPg0FyPxlESDJTm8=
github.com/Elegant996/scgi v0.0.0-20200506152832-e94bb1792f42 h1:S7dhpcPP4tL1cwdtlLe2/9mYi+6frqXSXsQZprld20E=
github.com/Elegant996/scgi v0.0.0-20200506152832-e94bb1792f42/go.mod h1:7SagloVfMCXWai0IQm5mX+zFlAATPg0FyPxlESDJTm8=
github.com/Elegant996/scgi v0.0.0-20200506153057-1e351ff21eb5 h1:mBbXwQ84j/5bLndA8CSqJ2uWmErD57oPVdSTwRvCzU8=
github.com/Elegant996/scgi v0.0.0-20200506153057-1e351ff21eb5/go.mod h1:7SagloVfMCXWai0IQm5mX+zFlAATPg0FyPxlESDJTm8=
github.com/Elegant996/scgi v0.0.0-20200506154023-b7147dc6d42f h1:qL8LXlr8i9ZpT2EhL0Ey/f0H7z0eHioNpJ5H9fPZrBw=
github.com/Elegant996/scgi v0.0.0-20200506154023-b7147dc6d42f/go.mod h1:7SagloVfMCXWai0IQm5mX+zFlAATPg0FyPxlESDJTm8=
github.com/Elegant996/scgi v0.0.0-20200506161717-1f2355f39f52 h1:0w+PZAAnjg6cfeKKua+8mkjsrzX8amBSUTLFifp1qQg=
github.com/Elegant996/scgi v0.0.0-20200506161717-1f2355f39f52/go.mod h1:7SagloVfMCXWai0IQm5mX+zFlAATPg0FyPxlESDJTm8=
github.com/Elegant996/scgi v0.0.0-20200506161919-b8ec8e5a73f9 h1:sQWFqpHxijTglQYRVx8pNgbPEhYHTm81ZsZsprmzbH8=
github.com/Elegant996/scgi v0.0.0-20200506161919-b8ec8e5a73f9/go.mod h1:7SagloVfMCXWai0IQm5mX+zFlAATPg0FyPxlESDJTm8=
github.com/Elegant996/scgi v0.0.0-20200506162003-4ba5c4a535cd h1:vhGRMT4VKOEXyCAVUDbneDYzSR36yJrvxg1dwtLwEiU=
github.com/Elegant996/scgi v0.0.0-20200506162003-4ba5c4a535cd/go.mod h1:7SagloVfMCXWai0IQm5mX+zFlAATPg0FyPxlESDJTm8=
github.com/Elegant996/scgi v0.0.0-20200506164630-e7f952976f1a h1:jkjMEN3sNwp1LUrEXb/4OqwQuW/wJHJutrL3CmWuZP0=
github.com/Elegant996/scgi v0.0.0-20200506164630-e7f952976f1a/go.mod h1:7SagloVfMCXWai0IQm5mX+zFlAATPg0FyPxlESDJTm8=
github.com/Elegant996/scgi v0.0.0-20200506164917-c273fbb6b532 h1:4lmBnaDNz7XH3SU39VT8rUHhWmwgS917myaJ/5uvzSk=
github.com/Elegant996/scgi v0.0.0-20200506164917-c273fbb6b532/go.mod h1:7SagloVfMCXWai0IQm5mX+zFlAATPg0FyPxlESDJTm8=
github.com/Elegant996/scgi v0.0.0-20200506165015-8d956e8a645f h1:oBm04VOTdKZb1+xKL7Fscom8sscSDl4RQpx0+LlfiMI=
github.com/Elegant996/scgi v0.0.0-20200506165015-8d956e8a645f/go.mod h1:7SagloVfMCXWai0IQm5mX+zFlAATPg0FyPxlESDJTm8=
github.com/Elegant996/scgi v0.0.0-20200506170250-22986294a14e h1:UWolh9YfjuyAgwOCNmW2U5TSfw35LKH2CnDtRpY9y+4=
github.com/Elegant996/scgi v0.0.0-20200506170250-22986294a14e/go.mod h1:7SagloVfMCXWai0IQm5mX+zFlAATPg0FyPxlESDJTm8=
github.com/Elegant996/scgi v0.0.0-20200506171514-5c0eebbccdc7 h1:znc+ANK7qLXKdGuWHnmMxe/NmxA8Uk38BgVgRR0Kufc=
github.com/Elegant996/scgi v0.0.0-20200506171514-5c0eebbccdc7/go.mod h1:7SagloVfMCXWai0IQm5mX+zFlAATPg0FyPxlESDJTm8=
github.com/Elegant996/scgi v0.0.0-20200506171954-4e502e433615 h1:CxCBZnsdVo8pnyz6cc6cfgvrLXyAt2Ypf2X4GTnptGY=
github.com/Elegant996/scgi v0.0.0-20200506171954-4e502e433615/go.mod h1:7SagloVfMCXWai0IQm5mX+zFlAATPg0FyPxlESDJTm8=
github.com/Elegant996/scgi v0.0.0-20200506172626-52d61f10c818 h1:dbiSDGe/b9tMcvymyZ4lBIou1sgVwRJRKwKECTYrRwY=
github.com/Elegant996/scgi v0.0.0-20200506172626-52d61f10c818/go.mod h1:7SagloVfMCXWai0IQm5mX+zFlAATPg0FyPxlESDJTm8=
github.com/Elegant996/scgi v0.0.0-20200506172714-cafe4d3aa10a h1:9bFCJH9GlVbOmpaVIE/dZtVJyjuJcL8zoL6jpXoeb0s=
github.com/Elegant996/scgi v0.0.0-20200506172714-cafe4d3aa10a/go.mod h1:7SagloVfMCXWai0IQm5mX+zFlAATPg0FyPxlESDJTm8=
github.com/Elegant996/scgi v0.0.0-20200506173919-06e73ae37a3b h1:fp+HEPr4Se92FQA3szMLngKcteE8OzIs+I+FfvklbVc=
github.com/Elegant996/scgi v0.0.0-20200506173919-06e73ae37a3b/go.mod h1:7SagloVfMCXWai0IQm5mX+zFlAATPg0FyPxlESDJTm8=
github.com/Elegant996/scgi v0.0.0-20200506174955-0c9036691d95 h1:mx5CzTs+V1FsqEfKg6mtMl6yQFRr7y1Uds7ZIzrFsEA=
github.com/Elegant996/scgi v0.0.0-20200506174955-0c9036691d95/go.mod h1:7SagloVfMCXWai0IQm5mX+zFlAATPg0FyPxlESDJTm8=
github.com/Elegant996/scgi v0.0.0-20200506175052-68c228f8e5a1 h1:fMeDkJ2dlzciOQhU3OOkxXYr0zHQJBqp3jTy5W+SAKE=
github.com/Elegant996/scgi v0.0.0-20200506175052-68c228f8e5a1/go.mod h1:7SagloVfMCXWai0IQm5mX+zFlAATPg0FyPxlESDJTm8=
github.com/Elegant996/scgi v0.0.0-20200506175221-3b3f233fe827 h1:id9/a+1Z+3GP5e72ZvOgOrbU2bnzdkq2hOmz4Cn+sNA=
github.com/Elegant996/scgi v0.0.0-20200506175221-3b3f233fe827/go.mod h1:7SagloVfMCXWai0IQm5mX+zFlAATPg0FyPxlESDJTm8=
github.com/Elegant996/scgi v0.0.0-20200506175837-20fe3de7867a h1:y51jqK9MblimS5k47ORAbpbSGaTwZh5iQGDQnYse3iw=
github.com/Elegant996/scgi v0.0.0-20200506175837-20fe3de7867a/go.mod h1:7SagloVfMCXWai0IQm5mX+zFlAATPg0FyPxlESDJTm8=
github.com/Elegant996/scgi v0.0.0-20200506180852-d5c846127b19 h1:JFnykR4UoZpBKz7UhG8pNJYJMGXCJG8VadeOoisQACs=
github.com/Elegant996/scgi v0.0.0-20200506180852-d5c846127b19/go.mod h1:7SagloVfMCXWai0IQm5mX+zFlAATPg0FyPxlESDJTm8=
github.com/Elegant996/scgi v0.0.0-20200506181135-8b8ded9c3851 h1:YB/+ehILJvK9E9CI9v/qsJC3iEpTVlPax9bpmoqfDW4=
github.com/Elegant996/scgi v0.0.0-20200506181135-8b8ded9c3851/go.mod h1:7SagloVfMCXWai0IQm5mX+zFlAATPg0FyPxlESDJTm8=
github.com/Elegant996/scgi v0.0.0-20200506181250-32d6a2ecafc6 h1:Ie7vXg5oJtIWOzNUzYlD8UMhmMFR5ChaOUuN+jLLnPg=
github.com/Elegant996/scgi v0.0.0-20200506181250-32d6a2ecafc6/go.mod h1:7SagloVfMCXWai0IQm5mX+zFlAATPg0FyPxlESDJTm8=
github.com/Elegant996/scgi v0.0.0-20200506181529-f033fb61e56f h1:Aq3sA57IR1Fd9K2jwfL7bpbeOJ5XbtBKySbUv/u54Ow=
github.com/Elegant996/scgi v0.0.0-20200506181529-f033fb61e56f/go.mod h1:7SagloVfMCXWai0IQm5mX+zFlAATPg0FyPxlESDJTm8=
github.com/Elegant996/scgi v0.0.0-20200506181616-c3211f4d205c h1:GUGDxTMa7eHUIc91tjpdUrtrNbxsEHgUT+YigpsiFQI=
github.com/Elegant996/scgi v0.0.0-20200506181616-c3211f4d205c/go.mod h1:7SagloVfMCXWai0IQm5mX+zFlAATPg0FyPxlESDJTm8=
github.com/Elegant996/scgi v0.0.0-20200506181934-b845fdf4b27d h1:Qhe5bxg71/pUh3pnw8IOyMxYfONEesw/ROwOOsEN5dE=
github.com/Elegant996/scgi v0.0.0-20200506181934-b845fdf4b27d/go.mod h1:7SagloVfMCXWai0IQm5mX+zFlAATPg0FyPxlESDJTm8=
github.com/Elegant996/scgi v0.0.0-20200506184109-2c62dba490d6 h1:F18iY8GC6BjvJ6hH/13l80y3hbYT6sGtJ/9SDFLkEO0=
github.com/Elegant996/scgi v0.0.0-20200506184109-2c62dba490d6/go.mod h1:7SagloVfMCXWai0IQm5mX+zFlAATPg0FyPxlESDJTm8=
github.com/Elegant996/scgi v0.0.0-20200506185208-c99b60c1cef6 h1:RdBYAUKGwBtQrXvKI1jYVMcFfSvuigpkSid8sjazl5w=
github.com/Elegant996/scgi v0.0.0-20200506185208-c99b60c1cef6/go.mod h1:7SagloVfMCXWai0IQm5mX+zFlAATPg0FyPxlESDJTm8=
github.com/Elegant996/scgi v0.0.0-20200506185511-1605689765a9 h1:RkE1kggQyljfpuw0t1Dh1is0kFpbInfFnrnh7A/xeOA=
github.com/Elegant996/scgi v0.0.0-20200506185511-1605689765a9/go.mod h1:7SagloVfMCXWai0IQm5mX+zFlAATPg0FyPxlESDJTm8=
github.com/Elegant996/scgi v0.0.0-20200506193507-e52051f0253f h1:Hfjb83Jfl6JlJv/vodk3vXcYNA+LsLO+5+nGNE5nEtI=
github.com/Elegant996/scgi v0.0.0-20200506193507-e52051f0253f/go.mod h1:7SagloVfMCXWai0IQm5mX+zFlAATPg0FyPxlESDJTm8=
github.com/Elegant996/scgi v0.0.0-20200506194158-c0f901102d6e h1:w+HqVJvBCUYxlOw86KHVAsEhh4lbwdEkpRrANKpr/3o=
github.com/Elegant996/scgi v0.0.0-20200506194158-c0f901102d6e/go.mod h1:7SagloVfMCXWai0IQm5mX+zFlAATPg0FyPxlESDJTm8=
github.com/Elegant996/scgi v0.0.0-20200506194353-ca3602145fe9 h1:xX0s7+GDM+rhdUJClfr+i/DrBe7TKTvEBjjnu9aQ4DU=
github.com/Elegant996/scgi v0.0.0-20200506194353-ca3602145fe9/go.mod h1:7SagloVfMCXWai0IQm5mX+zFlAATPg0FyPxlESDJTm8=
github.com/Elegant996/scgi v0.0.0-20200506194434-9f24db0afc56 h1:Nc2hveZLxaQXAit82vg69DhGvmvse9ei8BScSOFbVsI=
github.com/Elegant996/scgi v0.0.0-20200506194434-9f24db0afc56/go.mod h1:7SagloVfMCXWai0IQm5mX+zFlAATPg0FyPxlESDJTm8=
github.com/Elegant996/scgi v0.0.0-20200506195513-fb582087f18c h1:25OSqprffd154NwuLwOvTgbWHl/6pQtHEwUCzcDxJB8=
github.com/Elegant996/scgi v0.0.0-20200506195513-fb582087f18c/go.mod h1:7SagloVfMCXWai0IQm5mX+zFlAATPg0FyPxlESDJTm8=
github.com/Elegant996/scgi v0.0.0-20200507105741-a1d736d98833 h1:4djP6FrGvuUPhf1IBwG7WTjTl4XpqRNHraLZmfowWag=
github.com/Elegant996/scgi v0.0.0-20200507105741-a1d736d98833/go.mod h1:7SagloVfMCXWai0IQm5mX+zFlAATPg0FyPxlESDJTm8=
github.com/Elegant996/scgi v0.0.0-20200507114432-a7f101194f75 h1:PcyvWfX1lGj4qrl1iybpdltWp6NM18AeeD2kTp94U44=
github.com/Elegant996/scgi v0.0.0-20200507114432-a7f101194f75/go.mod h1:7SagloVfMCXWai0IQm5mX+zFlAATPg0FyPxlESDJTm8=
github.com/Elegant996/scgi v0.0.0-20200507120941-9c1525bf4840 h1:fzeCDvzdda6FylMmrUZ8M/n1FBNYU7iHPqje237gdfA=
github.com/Elegant996/scgi v0.0.0-20200507120941-9c1525bf4840/go.mod h1:7SagloVfMCXWai0IQm5mX+zFlAATPg0FyPxlESDJTm8=
github.com/Elegant996/scgi v0.0.0-20200507133203-006d914c21c3 h1:LiWUbi/cSLSLPOEz/9jq2GJBwlxevzJmreEh45ExaSw=
github.com/Elegant996/scgi v0.0.0-20200507133203-006d914c21c3/go.mod h1:7SagloVfMCXWai0IQm5mX+zFlAATPg0FyPxlESDJTm8=
github.com/Elegant996/scgi v0.0.0-20200507134220-2f2237b245f1 h1:yDatUZ2qZCfWn3ocbADg4oTeWr/QBNtfU45uJoHnZDg=
github.com/Elegant996/scgi v0.0.0-20200507134220-2f2237b245f1/go.mod h1:7SagloVfMCXWai0IQm5mX+zFlAATPg0FyPxlESDJTm8=
github.com/Elegant996/scgi v0.0.0-20200507134714-0d51ef06b638 h1:ziohJwGtJoYkpFiqbE0fHS23YjsmBDZFlOdqpI/PChg=
github.com/Elegant996/scgi v0.0.0-20200507134714-0d51ef06b638/go.mod h1:7SagloVfMCXWai0IQm5mX+zFlAATPg0FyPxlESDJTm8=
github.com/Elegant996/scgi v0.0.0-20200507135737-d444a976ca16 h1:lDhc2OHyqmphTM5ZfrYHzJsvanJjXglz/Qou+/YWj34=
github.com/Elegant996/scgi v0.0.0-20200507135737-d444a976ca16/go.mod h1:7SagloVfMCXWai0IQm5mX+zFlAATPg0FyPxlESDJTm8=
github.com/Elegant996/scgi v0.0.0-20200507141011-83bbcadefce7 h1:PWTsmfCFcx6dSE4jCMhHuU/s5YhYqrqqGksU1G6aqj4=
github.com/Elegant996/scgi v0.0.0-20200507141011-83bbcadefce7/go.mod h1:7SagloVfMCXWai0IQm5mX+zFlAATPg0FyPxlESDJTm8=
github.com/Elegant996/scgi v0.0.0-20200507142144-b3b603d5acfd h1:fRMEZpzZ88z3cz6X56qlez78HizulkdvUQGLOrhruCg=
github.com/Elegant996/scgi v0.0.0-20200507142144-b3b603d5acfd/go.mod h1:7SagloVfMCXWai0IQm5mX+zFlAATPg0FyPxlESDJTm8=
github.com/Elegant996/scgi v0.0.0-20200507142255-84d7f35aae7b h1:9WGt3SfUpdxNjzhwGgZo/Ql02SMLBX3AGMZGYtBjKX8=
github.com/Elegant996/scgi v0.0.0-20200507142255-84d7f35aae7b/go.mod h1:7SagloVfMCXWai0IQm5mX+zFlAATPg0FyPxlESDJTm8=
github.com/Elegant996/scgi v0.0.0-20200507142425-766b2c62061f h1:KEJtYcR1/5xaGOXrTgPAhl/LapQTtj3oHWD16Pg7ftc=
github.com/Elegant996/scgi v0.0.0-20200507142425-766b2c62061f/go.mod h1:7SagloVfMCXWai0IQm5mX+zFlAATPg0FyPxlESDJTm8=
github.com/Elegant996/scgi v0.0.0-20200507142523-61ae00989288 h1:eVHqsbqR6UNYw8RdLTzSV9ZDh6Cj15nlfex0Xz1IIKQ=
github.com/Elegant996/scgi v0.0.0-20200507142523-61ae00989288/go.mod h1:7SagloVfMCXWai0IQm5mX+zFlAATPg0FyPxlESDJTm8=
github.com/Elegant996/scgi v0.0.0-20200507143327-1e1ad65fc974 h1:wMSuHN5lE0ByBKdXgYtoAkZ1GQIjWtN+VXwO9nPNt4k=
github.com/Elegant996/scgi v0.0.0-20200507143327-1e1ad65fc974/go.mod h1:7SagloVfMCXWai0IQm5mX+zFlAATPg0FyPxlESDJTm8=
github.com/Elegant996/scgi v0.0.0-20200507154115-66433bf65964 h1:VgHJ78qlcZky7aHzndqVK5Q3Rpyg1TSe42hzMH5+znc=
github.com/Elegant996/scgi v0.0.0-20200507154115-66433bf65964/go.mod h1:7SagloVfMCXWai0IQm5mX+zFlAATPg0FyPxlESDJTm8=
github.com/Elegant996/scgi v0.0.0-20200507155120-812ec117b84b h1:dN63eeBdBWgpxuiChR5eoL6pmuw7nP/0IWS/I95yK/Q=
github.com/Elegant996/scgi v0.0.0-20200507155120-812ec117b84b/go.mod h1:7SagloVfMCXWai0IQm5mX+zFlAATPg0FyPxlESDJTm8=
github.com/Elegant996/scgi v0.0.0-20200507155218-c9ff8a9ca9a6 h1:K0IcQjc2Ar+XC+2uWYZf4AKrRWPiWCdriM31CknsSXg=
github.com/Elegant996/scgi v0.0.0-20200507155218-c9ff8a9ca9a6/go.mod h1:7SagloVfMCXWai0IQm5mX+zFlAATPg0FyPxlESDJTm8=
github.com/Elegant996/scgi v0.0.0-20200507161914-fef60b623d2d h1:4ECxZhsffqzIRR11tmYAaRxQQCW8rWwGY2xeyJezmIk=
github.com/Elegant996/scgi v0.0.0-20200507161914-fef60b623d2d/go.mod h1:7SagloVfMCXWai0IQm5mX+zFlAATPg0FyPxlESDJTm8=
github.com/Elegant996/scgi v0.0.0-20200507162514-64f1b2718558 h1:Z0i1Sz+GftSAjulTcGx0lcKxOV21tZf0lMp7HuK0ExU=
github.com/Elegant996/scgi v0.0.0-20200507162514-64f1b2718558/go.mod h1:7SagloVfMCXWai0IQm5mX+zFlAATPg0FyPxlESDJTm8=
github.com/Elegant996/scgi v0.0.0-20200507165512-c0c8041780cd h1:bGflhVkVi/6IKHmgBY0R+BUT9uCkZHBtzrKw7dDFNAU=
github.com/Elegant996/scgi v0.0.0-20200507165512-c0c8041780cd/go.mod h1:7SagloVfMCXWai0IQm5mX+zFlAATPg0FyPxlESDJTm8=
github.com/Elegant996/scgi v0.0.0-20200507170547-01e1e679977c h1:akWqAXiz/+V1gcLzHJLtsBSQr7S+MYYuI+np5+6cNlA=
github.com/Elegant996/scgi v0.0.0-20200507170547-01e1e679977c/go.mod h1:7SagloVfMCXWai0IQm5mX+zFlAATPg0FyPxlESDJTm8=
github.com/Elegant996/scgi v0.0.0-20200507171605-72db6eb76a28 h1:VW3k3GKg+yCSgWP+F+2x41UbSVwghhqdAtPW+krRUps=
github.com/Elegant996/scgi v0.0.0-20200507171605-72db6eb76a28/go.mod h1:7SagloVfMCXWai0IQm5mX+zFlAATPg0FyPxlESDJTm8=
github.com/Elegant996/scgi v0.0.0-20200507173030-5a25d9d40a29 h1:d97oE1AWa1o9hIX7QyAbLzGZxrsF3zNsW26kbOYVniI=
github.com/Elegant996/scgi v0.0.0-20200507173030-5a25d9d40a29/go.mod h1:7SagloVfMCXWai0IQm5mX+zFlAATPg0FyPxlESDJTm8=
github.com/Elegant996/scgi v0.0.0-20200507174739-2fd82b4e4c83 h1:q1DfYltHktjODD8X5/jSKH+VMWPaA+2oXPfakygbeno=
github.com/Elegant996/scgi v0.0.0-20200507174739-2fd82b4e4c83/go.mod h1:7SagloVfMCXWai0IQm5mX+zFlAATPg0FyPxlESDJTm8=
github.com/Elegant996/scgi v0.0.0-20200507175826-15bdb78ab29b h1:cOgvTLbFN9Ke+/rwuTgtxGg+n03k8AzKgrMHxBHxI98=
github.com/Elegant996/scgi v0.0.0-20200507175826-15bdb78ab29b/go.mod h1:7SagloVfMCXWai0IQm5mX+zFlAATPg0FyPxlESDJTm8=
github.com/Elegant996/scgi v0.0.0-20200507180724-4cd34165af1f h1:hjE1X31TZ5THJUrF/toKfDzfHl1yHRPfv6IjFJDaxro=
github.com/Elegant996/scgi v0.0.0-20200507180724-4cd34165af1f/go.mod h1:7SagloVfMCXWai0IQm5mX+zFlAATPg0FyPxlESDJTm8=
github.com/Elegant996/scgi v0.0.0-20200507181140-0e30fb92a6f1 h1:5sjzj1546OTBavWmtKle3yS3TnG1hf7qWUI+hejritE=
github.com/Elegant996/scgi v0.0.0-20200507181140-0e30fb92a6f1/go.mod h1:7SagloVfMCXWai0IQm5mX+zFlAATPg0FyPxlESDJTm8=
github.com/Elegant996/scgi v0.0.0-20200507181341-a5e23ba62074 h1:DWoEw0t1vOGELqWwUX8p7t37WERwgQXBHgUD9OWmuzw=
github.com/Elegant996/scgi v0.0.0-20200507181341-a5e23ba62074/go.mod h1:7SagloVfMCXWai0IQm5mX+zFlAATPg0FyPxlESDJTm8=
github.com/Elegant996/scgi v0.0.0-20200507191816-63afaa8369bb h1:U2zVfEyLeW53mXGyzYeKIfgft+mRo7suVz82/taCYi0=
github.com/Elegant996/scgi v0.0.0-20200507191816-63afaa8369bb/go.mod h1:7SagloVfMCXWai0IQm5mX+zFlAATPg0FyPxlESDJTm8=
github.com/Elegant996/scgi v0.0.0-20200507191949-b3564152264e h1:AkHkoKMwO1x2kUan6sly14sKqqzYIldVAHWUkjm+2Nc=
github.com/Elegant996/scgi v0.0.0-20200507191949-b3564152264e/go.mod h1:7SagloVfMCXWai0IQm5mX+zFlAATPg0FyPxlESDJTm8=
github.com/Elegant996/scgi v0.0.0-20200507192121-a7c310e49e71 h1:/svb4xIikSSRospXuqNWjSLnt6lp9pnCajwwtfDVYjE=
github.com/Elegant996/scgi v0.0.0-20200507192121-a7c310e49e71/go.mod h1:7SagloVfMCXWai0IQm5mX+zFlAATPg0FyPxlESDJTm8=
github.com/Elegant996/scgi v0.0.0-20200507193309-7c2688ada1ba h1:XqFgw2By5MSnLLqCU67yG0lbBcfYTir++fNm24g9DLQ=
github.com/Elegant996/scgi v0.0.0-20200507193309-7c2688ada1ba/go.mod h1:7SagloVfMCXWai0IQm5mX+zFlAATPg0FyPxlESDJTm8=
github.com/Elegant996/scgi v0.0.0-20200507195041-a9ba6c9ed588 h1:YxmlroLHDqFpRzqoiyy8z19ZZ1V+BX7WEQO0k7Xfcx4=
github.com/Elegant996/scgi v0.0.0-20200507195041-a9ba6c9ed588/go.mod h1:7SagloVfMCXWai0IQm5mX+zFlAATPg0FyPxlESDJTm8=
github.com/Elegant996/scgi v0.0.0-20200507195144-1d2a904b49c8 h1:vtPjd8hmdbUdQsH4jrOM3K0+KeJkld+2I5/hnc4w6zk=
github.com/Elegant996/scgi v0.0.0-20200507195144-1d2a904b49c8/go.mod h1:7SagloVfMCXWai0IQm5mX+zFlAATPg0FyPxlESDJTm8=
github.com/Elegant996/scgi v0.0.0-20200507195309-dd495fded62f h1:Ocg2CKR18drXoyDHWhJzBew1hNBK3vdifXDLHNac3IE=
github.com/Elegant996/scgi v0.0.0-20200507195309-dd495fded62f/go.mod h1:7SagloVfMCXWai0IQm5mX+zFlAATPg0FyPxlESDJTm8=
github.com/Elegant996/scgi v0.0.0-20200509072120-429dd8d152cb h1:P6oYD2iM6BEb4Qf5Px3h6QBq3ahlhgiVjo7AUflRnFg=
github.com/Elegant996/scgi v0.0.0-20200509072120-429dd8d152cb/go.mod h1:7SagloVfMCXWai0IQm5mX+zFlAATPg0FyPxlESDJTm8=
github.com/Elegant996/scgi v0.0.0-20200509072158-56fe7c8268b7 h1:8Hd1xt35zCQM7e0XhY3puieu/yZENoUHrmnWrjluUSs=
github.com/Elegant996/scgi v0.0.0-20200509072158-56fe7c8268b7/go.mod h1:7SagloVfMCXWai0IQm5mX+zFlAATPg0FyPxlESDJTm8=
github.com/Elegant996/scgi v0.0.0-20200509102747-4bab06d42429 h1:UqAWPKZfgOkIFUuepyQcTf/BZgZPYjlbW1UwdHNqA8A=
github.com/Elegant996/scgi v0.0.0-20200509102747-4bab06d42429/go.mod h1:7SagloVfMCXWai0IQm5mX+zFlAATPg0FyPxlESDJTm8=
github.com/Elegant996/scgi v0.0.0-20200509104026-9963408f38ee h1:W9F9jCeE9C7eNCVxc53atGsDl3po8GvBglceuZe1y+U=
github.com/Elegant996/scgi v0.0.0-20200509104026-9963408f38ee/go.mod h1:7SagloVfMCXWai0IQm5mX+zFlAATPg0FyPxlESDJTm8=
github.com/Elegant996/scgi v0.1.0 h1:2r0W3EsAbE5SQC7VJMMRD4yH/JzJO//lf1WkZAclaDQ=
github.com/Elegant996/scgi v0.1.0/go.mod h1:7SagloVfMCXWai0IQm5mX+zFlAATPg0FyPxlESDJTm8=
github.com/Elegant996/scgi v0.2.0 h1:V8dQcbXbIOImNXAbWQapnnCe8FpZ52VMsHzAObHXiUA=
github.com/Elegant996/scgi v0.2.0/go.mod h1:7SagloVfMCXWai0IQm5mX+zFlAATPg0FyPxlESDJTm8=
github.com/Elegant996/xmlrpc v0.0.0-20200426092339-6d7edd4ac412 h1:KH4fiMxWbUjnUQcrXllraAGyFcg0+qVmefHiMiDQUQM=
github.com/Elegant996/xmlrpc v0.0.0-20200426092339-6d7edd4ac412/go.mod h1:SU61e8UkMJD44Mh+YsNIwgzfU7fHn01hLosqSmteKVs=
github.com/go-logr/logr v0.1.0/go.mod h1:ixOQHD9gLJUVQQ2ZOR7zLEifBX6tGkNJF4QyIY7sIas=
github.com/keegancsmith/rpc v1.1.0 h1:bXVRk3EzbtrEegTGKxNTc+St1lR7t/Z1PAO8misBnCc=
github.com/keegancsmith/rpc v1.1.0/go.mod h1:Xow74TKX34OPPiPCdz6x1o9c0SCxRqGxDuKGk7ZOo8s=
github.com/kolo/xmlrpc v0.0.0-20200310150728-e0350524596b h1:DzHy0GlWeF0KAglaTMY7Q+khIFoG8toHP+wLFBVBQJc=
github.com/kolo/xmlrpc v0.0.0-20200310150728-e0350524596b/go.mod h1:o03bZfuBwAXHetKXuInt4S7omeXUu62/A845kiycsSQ=
k8s.io/klog v1.0.0 h1:Pt+yjF5aB1xDSVbau4VsWe+dQNzA0qv1LlXdC2dF6Q8=
k8s.io/klog v1.0.0/go.mod h1:4Bi6QPql/J/LkTDqv7R/cd3hPo4k2DG6Ptcz060Ez5I=
